// !$*UTF8*$!
{
	archiveVersion = 1;
	classes = {
	};
	objectVersion = 56;
	objects = {

/* Begin PBXBuildFile section */
		956A14AF2DFD62F3005E1C57 /* emotional_suitcaseApp.swift in Sources */ = {isa = PBXBuildFile; fileRef = 956A14AE2DFD62F3005E1C57 /* emotional_suitcaseApp.swift */; };
		956A14B12DFD62F3005E1C57 /* ContentView.swift in Sources */ = {isa = PBXBuildFile; fileRef = 956A14B02DFD62F3005E1C57 /* ContentView.swift */; };
		956A14B32DFD62F6005E1C57 /* Assets.xcassets in Resources */ = {isa = PBXBuildFile; fileRef = 956A14B22DFD62F6005E1C57 /* Assets.xcassets */; };
		956A14B62DFD62F6005E1C57 /* Preview Assets.xcassets in Resources */ = {isa = PBXBuildFile; fileRef = 956A14B52DFD62F6005E1C57 /* Preview Assets.xcassets */; };
		956A14C02DFD62F6005E1C57 /* emotional_suitcaseTests.swift in Sources */ = {isa = PBXBuildFile; fileRef = 956A14BF2DFD62F6005E1C57 /* emotional_suitcaseTests.swift */; };
		956A14CA2DFD62F6005E1C57 /* emotional_suitcaseUITests.swift in Sources */ = {isa = PBXBuildFile; fileRef = 956A14C92DFD62F6005E1C57 /* emotional_suitcaseUITests.swift */; };
		956A14CC2DFD62F6005E1C57 /* emotional_suitcaseUITestsLaunchTests.swift in Sources */ = {isa = PBXBuildFile; fileRef = 956A14CB2DFD62F6005E1C57 /* emotional_suitcaseUITestsLaunchTests.swift */; };
		956A14DB2DFD65E8005E1C57 /* BiorhythmCard.swift in Sources */ = {isa = PBXBuildFile; fileRef = 956A14DA2DFD65E8005E1C57 /* BiorhythmCard.swift */; };
		956A14DD2DFD6604005E1C57 /* FiveIndicatorsCard.swift in Sources */ = {isa = PBXBuildFile; fileRef = 956A14DC2DFD6604005E1C57 /* FiveIndicatorsCard.swift */; };
		956A14E12DFD661D005E1C57 /* HomeView.swift in Sources */ = {isa = PBXBuildFile; fileRef = 956A14E02DFD661D005E1C57 /* HomeView.swift */; };
		956A14E42DFDBA28005E1C57 /* MentalHealthResource.swift in Sources */ = {isa = PBXBuildFile; fileRef = 956A14E32DFDBA28005E1C57 /* MentalHealthResource.swift */; };
		956A14E62DFDBA3B005E1C57 /* PsychologicalTest.swift in Sources */ = {isa = PBXBuildFile; fileRef = 956A14E52DFDBA3B005E1C57 /* PsychologicalTest.swift */; };
		956A14EA2DFDBA5B005E1C57 /* ScaleRecord.swift in Sources */ = {isa = PBXBuildFile; fileRef = 956A14E92DFDBA5B005E1C57 /* ScaleRecord.swift */; };
		956A14EC2DFDBA89005E1C57 /* RelaxationModels.swift in Sources */ = {isa = PBXBuildFile; fileRef = 956A14EB2DFDBA89005E1C57 /* RelaxationModels.swift */; };
		956A14EE2DFDBA95005E1C57 /* ProfileData.swift in Sources */ = {isa = PBXBuildFile; fileRef = 956A14ED2DFDBA95005E1C57 /* ProfileData.swift */; };
		956A14F32DFDBC18005E1C57 /* MentalHealthResourcesSection.swift in Sources */ = {isa = PBXBuildFile; fileRef = 956A14F22DFDBC18005E1C57 /* MentalHealthResourcesSection.swift */; };
		956A14F52DFDBC28005E1C57 /* MentalHealthResourceCard.swift in Sources */ = {isa = PBXBuildFile; fileRef = 956A14F42DFDBC28005E1C57 /* MentalHealthResourceCard.swift */; };
		956A14F72DFDBC76005E1C57 /* ResourceDetailViews.swift in Sources */ = {isa = PBXBuildFile; fileRef = 956A14F62DFDBC76005E1C57 /* ResourceDetailViews.swift */; };
		956A14FA2DFDBCA7005E1C57 /* PsychologicalTestsSection.swift in Sources */ = {isa = PBXBuildFile; fileRef = 956A14F92DFDBCA7005E1C57 /* PsychologicalTestsSection.swift */; };
		956A14FC2DFDBCB5005E1C57 /* PsychologicalTestCard.swift in Sources */ = {isa = PBXBuildFile; fileRef = 956A14FB2DFDBCB5005E1C57 /* PsychologicalTestCard.swift */; };
		956A14FF2DFDBCF9005E1C57 /* PHQ9TestView.swift in Sources */ = {isa = PBXBuildFile; fileRef = 956A14FE2DFDBCF9005E1C57 /* PHQ9TestView.swift */; };
		956A15012DFDBD17005E1C57 /* PHQ9ResultView.swift in Sources */ = {isa = PBXBuildFile; fileRef = 956A15002DFDBD16005E1C57 /* PHQ9ResultView.swift */; };
		956A15082DFDBDE6005E1C57 /* GAD7TestView.swift in Sources */ = {isa = PBXBuildFile; fileRef = 956A15072DFDBDE6005E1C57 /* GAD7TestView.swift */; };
		956A150A2DFDBDF1005E1C57 /* GAD7ResultView.swift in Sources */ = {isa = PBXBuildFile; fileRef = 956A15092DFDBDF1005E1C57 /* GAD7ResultView.swift */; };
		956A150D2DFDBE0F005E1C57 /* BSRS5TestView.swift in Sources */ = {isa = PBXBuildFile; fileRef = 956A150C2DFDBE0F005E1C57 /* BSRS5TestView.swift */; };
		956A150F2DFDBE1B005E1C57 /* BSRS5ResultView.swift in Sources */ = {isa = PBXBuildFile; fileRef = 956A150E2DFDBE1B005E1C57 /* BSRS5ResultView.swift */; };
		956A15122DFDBE39005E1C57 /* RFQ8TestView.swift in Sources */ = {isa = PBXBuildFile; fileRef = 956A15112DFDBE39005E1C57 /* RFQ8TestView.swift */; };
		956A15142DFDBE43005E1C57 /* RFQ8ResultView.swift in Sources */ = {isa = PBXBuildFile; fileRef = 956A15132DFDBE43005E1C57 /* RFQ8ResultView.swift */; };
		956A151B2DFDC122005E1C57 /* ProfileView.swift in Sources */ = {isa = PBXBuildFile; fileRef = 956A151A2DFDC122005E1C57 /* ProfileView.swift */; };
		956A151D2DFDC133005E1C57 /* RelaxationView.swift in Sources */ = {isa = PBXBuildFile; fileRef = 956A151C2DFDC133005E1C57 /* RelaxationView.swift */; };
		956A151F2DFDC13D005E1C57 /* TrackingView.swift in Sources */ = {isa = PBXBuildFile; fileRef = 956A151E2DFDC13D005E1C57 /* TrackingView.swift */; };
		956A15212DFDC148005E1C57 /* ChatListView.swift in Sources */ = {isa = PBXBuildFile; fileRef = 956A15202DFDC148005E1C57 /* ChatListView.swift */; };
		956A15242DFDC7F7005E1C57 /* BiorhythmSettingsView.swift in Sources */ = {isa = PBXBuildFile; fileRef = 956A15232DFDC7F7005E1C57 /* BiorhythmSettingsView.swift */; };
		956A15272DFDCCCD005E1C57 /* DailyCheckInView.swift in Sources */ = {isa = PBXBuildFile; fileRef = 956A15262DFDCCCD005E1C57 /* DailyCheckInView.swift */; };
		956A15292DFDCCDF005E1C57 /* DailyCheckInResultView.swift in Sources */ = {isa = PBXBuildFile; fileRef = 956A15282DFDCCDF005E1C57 /* DailyCheckInResultView.swift */; };
		956A152B2DFDCCF1005E1C57 /* DailyCheckInManager.swift in Sources */ = {isa = PBXBuildFile; fileRef = 956A152A2DFDCCF1005E1C57 /* DailyCheckInManager.swift */; };
		956A152E2E003C19005E1C57 /* ChatDetailView.swift in Sources */ = {isa = PBXBuildFile; fileRef = 956A152D2E003C19005E1C57 /* ChatDetailView.swift */; };
		956A15302E003C29005E1C57 /* ChatModels.swift in Sources */ = {isa = PBXBuildFile; fileRef = 956A152F2E003C29005E1C57 /* ChatModels.swift */; };
		956A15322E003C45005E1C57 /* ChatManager.swift in Sources */ = {isa = PBXBuildFile; fileRef = 956A15312E003C45005E1C57 /* ChatManager.swift */; };
		956A15352E003C60005E1C57 /* ChatBubbleView.swift in Sources */ = {isa = PBXBuildFile; fileRef = 956A15342E003C60005E1C57 /* ChatBubbleView.swift */; };
		956A15372E003C7A005E1C57 /* TherapyModeSelector.swift in Sources */ = {isa = PBXBuildFile; fileRef = 956A15362E003C7A005E1C57 /* TherapyModeSelector.swift */; };
		956A15392E003C85005E1C57 /* ChatInputView.swift in Sources */ = {isa = PBXBuildFile; fileRef = 956A15382E003C85005E1C57 /* ChatInputView.swift */; };
		956A153B2E004A4A005E1C57 /* MeditationView.swift in Sources */ = {isa = PBXBuildFile; fileRef = 956A153A2E004A4A005E1C57 /* MeditationView.swift */; };
		956A153D2E004A5B005E1C57 /* BreathingView.swift in Sources */ = {isa = PBXBuildFile; fileRef = 956A153C2E004A5B005E1C57 /* BreathingView.swift */; };
		956A15402E004A85005E1C57 /* TimeControlView.swift in Sources */ = {isa = PBXBuildFile; fileRef = 956A153F2E004A85005E1C57 /* TimeControlView.swift */; };
		956A15422E004A92005E1C57 /* BreathingGuideView.swift in Sources */ = {isa = PBXBuildFile; fileRef = 956A15412E004A92005E1C57 /* BreathingGuideView.swift */; };
		956A15442E004AA3005E1C57 /* HRVChartView.swift in Sources */ = {isa = PBXBuildFile; fileRef = 956A15432E004AA3005E1C57 /* HRVChartView.swift */; };
		956A15462E004AB6005E1C57 /* RelaxationTipsView.swift in Sources */ = {isa = PBXBuildFile; fileRef = 956A15452E004AB6005E1C57 /* RelaxationTipsView.swift */; };
		956A15482E004C2F005E1C57 /* HRVManager.swift in Sources */ = {isa = PBXBuildFile; fileRef = 956A15472E004C2F005E1C57 /* HRVManager.swift */; };
		956A154A2E010DA4005E1C57 /* TimeBreathManager.swift in Sources */ = {isa = PBXBuildFile; fileRef = 956A15492E010DA4005E1C57 /* TimeBreathManager.swift */; };
		956E26A22E02FFA400DEC7A6 /* PersonalInfoCard.swift in Sources */ = {isa = PBXBuildFile; fileRef = 956E26A12E02FFA400DEC7A6 /* PersonalInfoCard.swift */; };
		956E26A42E02FFDB00DEC7A6 /* StatusTag.swift in Sources */ = {isa = PBXBuildFile; fileRef = 956E26A32E02FFDB00DEC7A6 /* StatusTag.swift */; };
		956E26A62E02FFED00DEC7A6 /* EmotionalToolboxSection.swift in Sources */ = {isa = PBXBuildFile; fileRef = 956E26A52E02FFED00DEC7A6 /* EmotionalToolboxSection.swift */; };
		956E26A82E02FFFA00DEC7A6 /* ToolboxCard.swift in Sources */ = {isa = PBXBuildFile; fileRef = 956E26A72E02FFFA00DEC7A6 /* ToolboxCard.swift */; };
		956E26AA2E03000C00DEC7A6 /* DailyReminderCard.swift in Sources */ = {isa = PBXBuildFile; fileRef = 956E26A92E03000C00DEC7A6 /* DailyReminderCard.swift */; };
		956E26AC2E03001E00DEC7A6 /* EmergencyContactSection.swift in Sources */ = {isa = PBXBuildFile; fileRef = 956E26AB2E03001E00DEC7A6 /* EmergencyContactSection.swift */; };
		956E26AE2E03003000DEC7A6 /* EmergencyContactCard.swift in Sources */ = {isa = PBXBuildFile; fileRef = 956E26AD2E03003000DEC7A6 /* EmergencyContactCard.swift */; };
		956E26B02E0300C300DEC7A6 /* SafeBoxView.swift in Sources */ = {isa = PBXBuildFile; fileRef = 956E26AF2E0300C300DEC7A6 /* SafeBoxView.swift */; };
		956E26B22E0300D200DEC7A6 /* SafeBoxTabView.swift in Sources */ = {isa = PBXBuildFile; fileRef = 956E26B12E0300D200DEC7A6 /* SafeBoxTabView.swift */; };
		956E26B42E0300E000DEC7A6 /* PhotoGridView.swift in Sources */ = {isa = PBXBuildFile; fileRef = 956E26B32E0300E000DEC7A6 /* PhotoGridView.swift */; };
		956E26B62E0300F200DEC7A6 /* VideoGridView.swift in Sources */ = {isa = PBXBuildFile; fileRef = 956E26B52E0300F200DEC7A6 /* VideoGridView.swift */; };
		956E26B82E03010200DEC7A6 /* AudioListView.swift in Sources */ = {isa = PBXBuildFile; fileRef = 956E26B72E03010200DEC7A6 /* AudioListView.swift */; };
		956E26BA2E03011F00DEC7A6 /* SafetyPlanView.swift in Sources */ = {isa = PBXBuildFile; fileRef = 956E26B92E03011F00DEC7A6 /* SafetyPlanView.swift */; };
		956E26BC2E03012800DEC7A6 /* SupportPlanView.swift in Sources */ = {isa = PBXBuildFile; fileRef = 956E26BB2E03012800DEC7A6 /* SupportPlanView.swift */; };
		956E26BE2E03016A00DEC7A6 /* SafeBoxItem.swift in Sources */ = {isa = PBXBuildFile; fileRef = 956E26BD2E03016A00DEC7A6 /* SafeBoxItem.swift */; };
		956E26C02E03017700DEC7A6 /* EmergencyContact.swift in Sources */ = {isa = PBXBuildFile; fileRef = 956E26BF2E03017700DEC7A6 /* EmergencyContact.swift */; };
		956E26C22E0301AC00DEC7A6 /* Colors.swift in Sources */ = {isa = PBXBuildFile; fileRef = 956E26C12E0301AC00DEC7A6 /* Colors.swift */; };
		956E26C42E08446800DEC7A6 /* MoodEntry.swift in Sources */ = {isa = PBXBuildFile; fileRef = 956E26C32E08446800DEC7A6 /* MoodEntry.swift */; };
		956E26C62E08447B00DEC7A6 /* HealthMectric.swift in Sources */ = {isa = PBXBuildFile; fileRef = 956E26C52E08447B00DEC7A6 /* HealthMectric.swift */; };
		956E26C82E08450D00DEC7A6 /* MoodDiaryView.swift in Sources */ = {isa = PBXBuildFile; fileRef = 956E26C72E08450D00DEC7A6 /* MoodDiaryView.swift */; };
		956E26CA2E08452400DEC7A6 /* TrackingDataManager.swift in Sources */ = {isa = PBXBuildFile; fileRef = 956E26C92E08452400DEC7A6 /* TrackingDataManager.swift */; };
		956E26D32E08520200DEC7A6 /*  TrackingTabView.swift in Sources */ = {isa = PBXBuildFile; fileRef = 956E26D22E08520200DEC7A6 /*  TrackingTabView.swift */; };
		956E26D52E08521B00DEC7A6 /* TabButton.swift in Sources */ = {isa = PBXBuildFile; fileRef = 956E26D42E08521B00DEC7A6 /* TabButton.swift */; };
		956E26D72E08522F00DEC7A6 /* SectionCard.swift in Sources */ = {isa = PBXBuildFile; fileRef = 956E26D62E08522F00DEC7A6 /* SectionCard.swift */; };
		956E26D92E08525B00DEC7A6 /* MetricDisplayView.swift in Sources */ = {isa = PBXBuildFile; fileRef = 956E26D82E08525B00DEC7A6 /* MetricDisplayView.swift */; };
		956E26DB2E08533D00DEC7A6 /* MoodCalendarView.swift in Sources */ = {isa = PBXBuildFile; fileRef = 956E26DA2E08533D00DEC7A6 /* MoodCalendarView.swift */; };
		956E26DD2E08536300DEC7A6 /* DailyMoodSelector.swift in Sources */ = {isa = PBXBuildFile; fileRef = 956E26DC2E08536300DEC7A6 /* DailyMoodSelector.swift */; };
		956E26DF2E08538100DEC7A6 /* DailyMoodEditor.swift in Sources */ = {isa = PBXBuildFile; fileRef = 956E26DE2E08538100DEC7A6 /* DailyMoodEditor.swift */; };
		956E26E12E08539500DEC7A6 /* HealthDataView.swift in Sources */ = {isa = PBXBuildFile; fileRef = 956E26E02E08539500DEC7A6 /* HealthDataView.swift */; };
		956E26E32E0853AA00DEC7A6 /* HealthMetricsGrid.swift in Sources */ = {isa = PBXBuildFile; fileRef = 956E26E22E0853AA00DEC7A6 /* HealthMetricsGrid.swift */; };
		956E26E52E0853BC00DEC7A6 /* WeekNavigator.swift in Sources */ = {isa = PBXBuildFile; fileRef = 956E26E42E0853BC00DEC7A6 /* WeekNavigator.swift */; };
		956E26E72E0853D000DEC7A6 /* ScaleTrackingView.swift in Sources */ = {isa = PBXBuildFile; fileRef = 956E26E62E0853D000DEC7A6 /* ScaleTrackingView.swift */; };
		956E26E92E08561900DEC7A6 /*  HealthRecommenationCard.swift in Sources */ = {isa = PBXBuildFile; fileRef = 956E26E82E08561900DEC7A6 /*  HealthRecommenationCard.swift */; };
		956E26EB2E08563F00DEC7A6 /* MonthlyMoodAnalysis.swift in Sources */ = {isa = PBXBuildFile; fileRef = 956E26EA2E08563F00DEC7A6 /* MonthlyMoodAnalysis.swift */; };
		956E26ED2E08566100DEC7A6 /* HealthRecommendationView.swift in Sources */ = {isa = PBXBuildFile; fileRef = 956E26EC2E08566100DEC7A6 /* HealthRecommendationView.swift */; };
		956E26EF2E0857C300DEC7A6 /* ScaleSelectionCard.swift in Sources */ = {isa = PBXBuildFile; fileRef = 956E26EE2E0857C300DEC7A6 /* ScaleSelectionCard.swift */; };
		956E26F12E0857DB00DEC7A6 /* ScaleHistoryList.swift in Sources */ = {isa = PBXBuildFile; fileRef = 956E26F02E0857DB00DEC7A6 /* ScaleHistoryList.swift */; };
		956E26F32E0857EF00DEC7A6 /* ScaleDetailView.swift in Sources */ = {isa = PBXBuildFile; fileRef = 956E26F22E0857EF00DEC7A6 /* ScaleDetailView.swift */; };
		956E26F52E085A6600DEC7A6 /*  ScaleHistoryCard.swift in Sources */ = {isa = PBXBuildFile; fileRef = 956E26F42E085A6600DEC7A6 /*  ScaleHistoryCard.swift */; };
		956E26F72E085A8600DEC7A6 /* ScaleTrendAnalysisView.swift in Sources */ = {isa = PBXBuildFile; fileRef = 956E26F62E085A8600DEC7A6 /* ScaleTrendAnalysisView.swift */; };
/* End PBXBuildFile section */

/* Begin PBXContainerItemProxy section */
		956A14BC2DFD62F6005E1C57 /* PBXContainerItemProxy */ = {
			isa = PBXContainerItemProxy;
			containerPortal = 956A14A32DFD62F3005E1C57 /* Project object */;
			proxyType = 1;
			remoteGlobalIDString = 956A14AA2DFD62F3005E1C57;
			remoteInfo = "emotional suitcase";
		};
		956A14C62DFD62F6005E1C57 /* PBXContainerItemProxy */ = {
			isa = PBXContainerItemProxy;
			containerPortal = 956A14A32DFD62F3005E1C57 /* Project object */;
			proxyType = 1;
			remoteGlobalIDString = 956A14AA2DFD62F3005E1C57;
			remoteInfo = "emotional suitcase";
		};
/* End PBXContainerItemProxy section */

/* Begin PBXFileReference section */
		956A14AB2DFD62F3005E1C57 /* emotional suitcase.app */ = {isa = PBXFileReference; explicitFileType = wrapper.application; includeInIndex = 0; path = "emotional suitcase.app"; sourceTree = BUILT_PRODUCTS_DIR; };
		956A14AE2DFD62F3005E1C57 /* emotional_suitcaseApp.swift */ = {isa = PBXFileReference; lastKnownFileType = sourcecode.swift; path = emotional_suitcaseApp.swift; sourceTree = "<group>"; };
		956A14B02DFD62F3005E1C57 /* ContentView.swift */ = {isa = PBXFileReference; lastKnownFileType = sourcecode.swift; path = ContentView.swift; sourceTree = "<group>"; };
		956A14B22DFD62F6005E1C57 /* Assets.xcassets */ = {isa = PBXFileReference; lastKnownFileType = folder.assetcatalog; path = Assets.xcassets; sourceTree = "<group>"; };
		956A14B52DFD62F6005E1C57 /* Preview Assets.xcassets */ = {isa = PBXFileReference; lastKnownFileType = folder.assetcatalog; path = "Preview Assets.xcassets"; sourceTree = "<group>"; };
		956A14BB2DFD62F6005E1C57 /* emotional suitcaseTests.xctest */ = {isa = PBXFileReference; explicitFileType = wrapper.cfbundle; includeInIndex = 0; path = "emotional suitcaseTests.xctest"; sourceTree = BUILT_PRODUCTS_DIR; };
		956A14BF2DFD62F6005E1C57 /* emotional_suitcaseTests.swift */ = {isa = PBXFileReference; lastKnownFileType = sourcecode.swift; path = emotional_suitcaseTests.swift; sourceTree = "<group>"; };
		956A14C52DFD62F6005E1C57 /* emotional suitcaseUITests.xctest */ = {isa = PBXFileReference; explicitFileType = wrapper.cfbundle; includeInIndex = 0; path = "emotional suitcaseUITests.xctest"; sourceTree = BUILT_PRODUCTS_DIR; };
		956A14C92DFD62F6005E1C57 /* emotional_suitcaseUITests.swift */ = {isa = PBXFileReference; lastKnownFileType = sourcecode.swift; path = emotional_suitcaseUITests.swift; sourceTree = "<group>"; };
		956A14CB2DFD62F6005E1C57 /* emotional_suitcaseUITestsLaunchTests.swift */ = {isa = PBXFileReference; lastKnownFileType = sourcecode.swift; path = emotional_suitcaseUITestsLaunchTests.swift; sourceTree = "<group>"; };
		956A14DA2DFD65E8005E1C57 /* BiorhythmCard.swift */ = {isa = PBXFileReference; lastKnownFileType = sourcecode.swift; path = BiorhythmCard.swift; sourceTree = "<group>"; };
		956A14DC2DFD6604005E1C57 /* FiveIndicatorsCard.swift */ = {isa = PBXFileReference; lastKnownFileType = sourcecode.swift; path = FiveIndicatorsCard.swift; sourceTree = "<group>"; };
		956A14E02DFD661D005E1C57 /* HomeView.swift */ = {isa = PBXFileReference; lastKnownFileType = sourcecode.swift; path = HomeView.swift; sourceTree = "<group>"; };
		956A14E32DFDBA28005E1C57 /* MentalHealthResource.swift */ = {isa = PBXFileReference; lastKnownFileType = sourcecode.swift; path = MentalHealthResource.swift; sourceTree = "<group>"; };
		956A14E52DFDBA3B005E1C57 /* PsychologicalTest.swift */ = {isa = PBXFileReference; lastKnownFileType = sourcecode.swift; path = PsychologicalTest.swift; sourceTree = "<group>"; };
		956A14E92DFDBA5B005E1C57 /* ScaleRecord.swift */ = {isa = PBXFileReference; lastKnownFileType = sourcecode.swift; path = ScaleRecord.swift; sourceTree = "<group>"; };
		956A14EB2DFDBA89005E1C57 /* RelaxationModels.swift */ = {isa = PBXFileReference; lastKnownFileType = sourcecode.swift; path = RelaxationModels.swift; sourceTree = "<group>"; };
		956A14ED2DFDBA95005E1C57 /* ProfileData.swift */ = {isa = PBXFileReference; lastKnownFileType = sourcecode.swift; path = ProfileData.swift; sourceTree = "<group>"; };
		956A14F22DFDBC18005E1C57 /* MentalHealthResourcesSection.swift */ = {isa = PBXFileReference; lastKnownFileType = sourcecode.swift; path = MentalHealthResourcesSection.swift; sourceTree = "<group>"; };
		956A14F42DFDBC28005E1C57 /* MentalHealthResourceCard.swift */ = {isa = PBXFileReference; lastKnownFileType = sourcecode.swift; path = MentalHealthResourceCard.swift; sourceTree = "<group>"; };
		956A14F62DFDBC76005E1C57 /* ResourceDetailViews.swift */ = {isa = PBXFileReference; lastKnownFileType = sourcecode.swift; path = ResourceDetailViews.swift; sourceTree = "<group>"; };
		956A14F92DFDBCA7005E1C57 /* PsychologicalTestsSection.swift */ = {isa = PBXFileReference; lastKnownFileType = sourcecode.swift; path = PsychologicalTestsSection.swift; sourceTree = "<group>"; };
		956A14FB2DFDBCB5005E1C57 /* PsychologicalTestCard.swift */ = {isa = PBXFileReference; lastKnownFileType = sourcecode.swift; path = PsychologicalTestCard.swift; sourceTree = "<group>"; };
		956A14FE2DFDBCF9005E1C57 /* PHQ9TestView.swift */ = {isa = PBXFileReference; lastKnownFileType = sourcecode.swift; path = PHQ9TestView.swift; sourceTree = "<group>"; };
		956A15002DFDBD16005E1C57 /* PHQ9ResultView.swift */ = {isa = PBXFileReference; lastKnownFileType = sourcecode.swift; path = PHQ9ResultView.swift; sourceTree = "<group>"; };
		956A15072DFDBDE6005E1C57 /* GAD7TestView.swift */ = {isa = PBXFileReference; lastKnownFileType = sourcecode.swift; path = GAD7TestView.swift; sourceTree = "<group>"; };
		956A15092DFDBDF1005E1C57 /* GAD7ResultView.swift */ = {isa = PBXFileReference; lastKnownFileType = sourcecode.swift; path = GAD7ResultView.swift; sourceTree = "<group>"; };
		956A150C2DFDBE0F005E1C57 /* BSRS5TestView.swift */ = {isa = PBXFileReference; lastKnownFileType = sourcecode.swift; path = BSRS5TestView.swift; sourceTree = "<group>"; };
		956A150E2DFDBE1B005E1C57 /* BSRS5ResultView.swift */ = {isa = PBXFileReference; lastKnownFileType = sourcecode.swift; path = BSRS5ResultView.swift; sourceTree = "<group>"; };
		956A15112DFDBE39005E1C57 /* RFQ8TestView.swift */ = {isa = PBXFileReference; lastKnownFileType = sourcecode.swift; path = RFQ8TestView.swift; sourceTree = "<group>"; };
		956A15132DFDBE43005E1C57 /* RFQ8ResultView.swift */ = {isa = PBXFileReference; lastKnownFileType = sourcecode.swift; path = RFQ8ResultView.swift; sourceTree = "<group>"; };
		956A151A2DFDC122005E1C57 /* ProfileView.swift */ = {isa = PBXFileReference; lastKnownFileType = sourcecode.swift; path = ProfileView.swift; sourceTree = "<group>"; };
		956A151C2DFDC133005E1C57 /* RelaxationView.swift */ = {isa = PBXFileReference; lastKnownFileType = sourcecode.swift; path = RelaxationView.swift; sourceTree = "<group>"; };
		956A151E2DFDC13D005E1C57 /* TrackingView.swift */ = {isa = PBXFileReference; lastKnownFileType = sourcecode.swift; path = TrackingView.swift; sourceTree = "<group>"; };
		956A15202DFDC148005E1C57 /* ChatListView.swift */ = {isa = PBXFileReference; lastKnownFileType = sourcecode.swift; path = ChatListView.swift; sourceTree = "<group>"; };
		956A15232DFDC7F7005E1C57 /* BiorhythmSettingsView.swift */ = {isa = PBXFileReference; lastKnownFileType = sourcecode.swift; path = BiorhythmSettingsView.swift; sourceTree = "<group>"; };
		956A15262DFDCCCD005E1C57 /* DailyCheckInView.swift */ = {isa = PBXFileReference; lastKnownFileType = sourcecode.swift; path = DailyCheckInView.swift; sourceTree = "<group>"; };
		956A15282DFDCCDF005E1C57 /* DailyCheckInResultView.swift */ = {isa = PBXFileReference; lastKnownFileType = sourcecode.swift; path = DailyCheckInResultView.swift; sourceTree = "<group>"; };
		956A152A2DFDCCF1005E1C57 /* DailyCheckInManager.swift */ = {isa = PBXFileReference; lastKnownFileType = sourcecode.swift; path = DailyCheckInManager.swift; sourceTree = "<group>"; };
		956A152D2E003C19005E1C57 /* ChatDetailView.swift */ = {isa = PBXFileReference; lastKnownFileType = sourcecode.swift; path = ChatDetailView.swift; sourceTree = "<group>"; };
		956A152F2E003C29005E1C57 /* ChatModels.swift */ = {isa = PBXFileReference; lastKnownFileType = sourcecode.swift; path = ChatModels.swift; sourceTree = "<group>"; };
		956A15312E003C45005E1C57 /* ChatManager.swift */ = {isa = PBXFileReference; lastKnownFileType = sourcecode.swift; path = ChatManager.swift; sourceTree = "<group>"; };
		956A15342E003C60005E1C57 /* ChatBubbleView.swift */ = {isa = PBXFileReference; lastKnownFileType = sourcecode.swift; path = ChatBubbleView.swift; sourceTree = "<group>"; };
		956A15362E003C7A005E1C57 /* TherapyModeSelector.swift */ = {isa = PBXFileReference; lastKnownFileType = sourcecode.swift; path = TherapyModeSelector.swift; sourceTree = "<group>"; };
		956A15382E003C85005E1C57 /* ChatInputView.swift */ = {isa = PBXFileReference; lastKnownFileType = sourcecode.swift; path = ChatInputView.swift; sourceTree = "<group>"; };
		956A153A2E004A4A005E1C57 /* MeditationView.swift */ = {isa = PBXFileReference; lastKnownFileType = sourcecode.swift; path = MeditationView.swift; sourceTree = "<group>"; };
		956A153C2E004A5B005E1C57 /* BreathingView.swift */ = {isa = PBXFileReference; lastKnownFileType = sourcecode.swift; path = BreathingView.swift; sourceTree = "<group>"; };
		956A153F2E004A85005E1C57 /* TimeControlView.swift */ = {isa = PBXFileReference; lastKnownFileType = sourcecode.swift; path = TimeControlView.swift; sourceTree = "<group>"; };
		956A15412E004A92005E1C57 /* BreathingGuideView.swift */ = {isa = PBXFileReference; lastKnownFileType = sourcecode.swift; path = BreathingGuideView.swift; sourceTree = "<group>"; };
		956A15432E004AA3005E1C57 /* HRVChartView.swift */ = {isa = PBXFileReference; lastKnownFileType = sourcecode.swift; path = HRVChartView.swift; sourceTree = "<group>"; };
		956A15452E004AB6005E1C57 /* RelaxationTipsView.swift */ = {isa = PBXFileReference; lastKnownFileType = sourcecode.swift; path = RelaxationTipsView.swift; sourceTree = "<group>"; };
		956A15472E004C2F005E1C57 /* HRVManager.swift */ = {isa = PBXFileReference; lastKnownFileType = sourcecode.swift; path = HRVManager.swift; sourceTree = "<group>"; };
		956A15492E010DA4005E1C57 /* TimeBreathManager.swift */ = {isa = PBXFileReference; lastKnownFileType = sourcecode.swift; path = TimeBreathManager.swift; sourceTree = "<group>"; };
		956E26A12E02FFA400DEC7A6 /* PersonalInfoCard.swift */ = {isa = PBXFileReference; lastKnownFileType = sourcecode.swift; path = PersonalInfoCard.swift; sourceTree = "<group>"; };
		956E26A32E02FFDB00DEC7A6 /* StatusTag.swift */ = {isa = PBXFileReference; lastKnownFileType = sourcecode.swift; path = StatusTag.swift; sourceTree = "<group>"; };
		956E26A52E02FFED00DEC7A6 /* EmotionalToolboxSection.swift */ = {isa = PBXFileReference; lastKnownFileType = sourcecode.swift; path = EmotionalToolboxSection.swift; sourceTree = "<group>"; };
		956E26A72E02FFFA00DEC7A6 /* ToolboxCard.swift */ = {isa = PBXFileReference; lastKnownFileType = sourcecode.swift; path = ToolboxCard.swift; sourceTree = "<group>"; };
		956E26A92E03000C00DEC7A6 /* DailyReminderCard.swift */ = {isa = PBXFileReference; lastKnownFileType = sourcecode.swift; path = DailyReminderCard.swift; sourceTree = "<group>"; };
		956E26AB2E03001E00DEC7A6 /* EmergencyContactSection.swift */ = {isa = PBXFileReference; lastKnownFileType = sourcecode.swift; path = EmergencyContactSection.swift; sourceTree = "<group>"; };
		956E26AD2E03003000DEC7A6 /* EmergencyContactCard.swift */ = {isa = PBXFileReference; lastKnownFileType = sourcecode.swift; path = EmergencyContactCard.swift; sourceTree = "<group>"; };
		956E26AF2E0300C300DEC7A6 /* SafeBoxView.swift */ = {isa = PBXFileReference; lastKnownFileType = sourcecode.swift; path = SafeBoxView.swift; sourceTree = "<group>"; };
		956E26B12E0300D200DEC7A6 /* SafeBoxTabView.swift */ = {isa = PBXFileReference; lastKnownFileType = sourcecode.swift; path = SafeBoxTabView.swift; sourceTree = "<group>"; };
		956E26B32E0300E000DEC7A6 /* PhotoGridView.swift */ = {isa = PBXFileReference; lastKnownFileType = sourcecode.swift; path = PhotoGridView.swift; sourceTree = "<group>"; };
		956E26B52E0300F200DEC7A6 /* VideoGridView.swift */ = {isa = PBXFileReference; lastKnownFileType = sourcecode.swift; path = VideoGridView.swift; sourceTree = "<group>"; };
		956E26B72E03010200DEC7A6 /* AudioListView.swift */ = {isa = PBXFileReference; lastKnownFileType = sourcecode.swift; path = AudioListView.swift; sourceTree = "<group>"; };
		956E26B92E03011F00DEC7A6 /* SafetyPlanView.swift */ = {isa = PBXFileReference; lastKnownFileType = sourcecode.swift; path = SafetyPlanView.swift; sourceTree = "<group>"; };
		956E26BB2E03012800DEC7A6 /* SupportPlanView.swift */ = {isa = PBXFileReference; lastKnownFileType = sourcecode.swift; path = SupportPlanView.swift; sourceTree = "<group>"; };
		956E26BD2E03016A00DEC7A6 /* SafeBoxItem.swift */ = {isa = PBXFileReference; lastKnownFileType = sourcecode.swift; path = SafeBoxItem.swift; sourceTree = "<group>"; };
		956E26BF2E03017700DEC7A6 /* EmergencyContact.swift */ = {isa = PBXFileReference; lastKnownFileType = sourcecode.swift; path = EmergencyContact.swift; sourceTree = "<group>"; };
		956E26C12E0301AC00DEC7A6 /* Colors.swift */ = {isa = PBXFileReference; lastKnownFileType = sourcecode.swift; path = Colors.swift; sourceTree = "<group>"; };
		956E26C32E08446800DEC7A6 /* MoodEntry.swift */ = {isa = PBXFileReference; lastKnownFileType = sourcecode.swift; path = MoodEntry.swift; sourceTree = "<group>"; };
		956E26C52E08447B00DEC7A6 /* HealthMectric.swift */ = {isa = PBXFileReference; lastKnownFileType = sourcecode.swift; path = HealthMectric.swift; sourceTree = "<group>"; };
		956E26C72E08450D00DEC7A6 /* MoodDiaryView.swift */ = {isa = PBXFileReference; lastKnownFileType = sourcecode.swift; path = MoodDiaryView.swift; sourceTree = "<group>"; };
		956E26C92E08452400DEC7A6 /* TrackingDataManager.swift */ = {isa = PBXFileReference; lastKnownFileType = sourcecode.swift; path = TrackingDataManager.swift; sourceTree = "<group>"; };
		956E26D22E08520200DEC7A6 /*  TrackingTabView.swift */ = {isa = PBXFileReference; lastKnownFileType = sourcecode.swift; path = " TrackingTabView.swift"; sourceTree = "<group>"; };
		956E26D42E08521B00DEC7A6 /* TabButton.swift */ = {isa = PBXFileReference; lastKnownFileType = sourcecode.swift; path = TabButton.swift; sourceTree = "<group>"; };
		956E26D62E08522F00DEC7A6 /* SectionCard.swift */ = {isa = PBXFileReference; lastKnownFileType = sourcecode.swift; path = SectionCard.swift; sourceTree = "<group>"; };
		956E26D82E08525B00DEC7A6 /* MetricDisplayView.swift */ = {isa = PBXFileReference; lastKnownFileType = sourcecode.swift; path = MetricDisplayView.swift; sourceTree = "<group>"; };
		956E26DA2E08533D00DEC7A6 /* MoodCalendarView.swift */ = {isa = PBXFileReference; lastKnownFileType = sourcecode.swift; path = MoodCalendarView.swift; sourceTree = "<group>"; };
		956E26DC2E08536300DEC7A6 /* DailyMoodSelector.swift */ = {isa = PBXFileReference; lastKnownFileType = sourcecode.swift; path = DailyMoodSelector.swift; sourceTree = "<group>"; };
		956E26DE2E08538100DEC7A6 /* DailyMoodEditor.swift */ = {isa = PBXFileReference; lastKnownFileType = sourcecode.swift; path = DailyMoodEditor.swift; sourceTree = "<group>"; };
		956E26E02E08539500DEC7A6 /* HealthDataView.swift */ = {isa = PBXFileReference; lastKnownFileType = sourcecode.swift; path = HealthDataView.swift; sourceTree = "<group>"; };
		956E26E22E0853AA00DEC7A6 /* HealthMetricsGrid.swift */ = {isa = PBXFileReference; lastKnownFileType = sourcecode.swift; path = HealthMetricsGrid.swift; sourceTree = "<group>"; };
		956E26E42E0853BC00DEC7A6 /* WeekNavigator.swift */ = {isa = PBXFileReference; lastKnownFileType = sourcecode.swift; path = WeekNavigator.swift; sourceTree = "<group>"; };
		956E26E62E0853D000DEC7A6 /* ScaleTrackingView.swift */ = {isa = PBXFileReference; lastKnownFileType = sourcecode.swift; path = ScaleTrackingView.swift; sourceTree = "<group>"; };
		956E26E82E08561900DEC7A6 /*  HealthRecommenationCard.swift */ = {isa = PBXFileReference; lastKnownFileType = sourcecode.swift; path = " HealthRecommenationCard.swift"; sourceTree = "<group>"; };
		956E26EA2E08563F00DEC7A6 /* MonthlyMoodAnalysis.swift */ = {isa = PBXFileReference; lastKnownFileType = sourcecode.swift; path = MonthlyMoodAnalysis.swift; sourceTree = "<group>"; };
		956E26EC2E08566100DEC7A6 /* HealthRecommendationView.swift */ = {isa = PBXFileReference; lastKnownFileType = sourcecode.swift; path = HealthRecommendationView.swift; sourceTree = "<group>"; };
		956E26EE2E0857C300DEC7A6 /* ScaleSelectionCard.swift */ = {isa = PBXFileReference; lastKnownFileType = sourcecode.swift; path = ScaleSelectionCard.swift; sourceTree = "<group>"; };
		956E26F02E0857DB00DEC7A6 /* ScaleHistoryList.swift */ = {isa = PBXFileReference; lastKnownFileType = sourcecode.swift; path = ScaleHistoryList.swift; sourceTree = "<group>"; };
		956E26F22E0857EF00DEC7A6 /* ScaleDetailView.swift */ = {isa = PBXFileReference; lastKnownFileType = sourcecode.swift; path = ScaleDetailView.swift; sourceTree = "<group>"; };
		956E26F42E085A6600DEC7A6 /*  ScaleHistoryCard.swift */ = {isa = PBXFileReference; lastKnownFileType = sourcecode.swift; path = " ScaleHistoryCard.swift"; sourceTree = "<group>"; };
		956E26F62E085A8600DEC7A6 /* ScaleTrendAnalysisView.swift */ = {isa = PBXFileReference; lastKnownFileType = sourcecode.swift; path = ScaleTrendAnalysisView.swift; sourceTree = "<group>"; };
/* End PBXFileReference section */

/* Begin PBXFrameworksBuildPhase section */
		956A14A82DFD62F3005E1C57 /* Frameworks */ = {
			isa = PBXFrameworksBuildPhase;
			buildActionMask = 2147483647;
			files = (
			);
			runOnlyForDeploymentPostprocessing = 0;
		};
		956A14B82DFD62F6005E1C57 /* Frameworks */ = {
			isa = PBXFrameworksBuildPhase;
			buildActionMask = 2147483647;
			files = (
			);
			runOnlyForDeploymentPostprocessing = 0;
		};
		956A14C22DFD62F6005E1C57 /* Frameworks */ = {
			isa = PBXFrameworksBuildPhase;
			buildActionMask = 2147483647;
			files = (
			);
			runOnlyForDeploymentPostprocessing = 0;
		};
/* End PBXFrameworksBuildPhase section */

/* Begin PBXGroup section */
		956A14A22DFD62F3005E1C57 = {
			isa = PBXGroup;
			children = (
				956A14AD2DFD62F3005E1C57 /* emotional suitcase */,
				956A14BE2DFD62F6005E1C57 /* emotional suitcaseTests */,
				956A14C82DFD62F6005E1C57 /* emotional suitcaseUITests */,
				956A14AC2DFD62F3005E1C57 /* Products */,
			);
			sourceTree = "<group>";
		};
		956A14AC2DFD62F3005E1C57 /* Products */ = {
			isa = PBXGroup;
			children = (
				956A14AB2DFD62F3005E1C57 /* emotional suitcase.app */,
				956A14BB2DFD62F6005E1C57 /* emotional suitcaseTests.xctest */,
				956A14C52DFD62F6005E1C57 /* emotional suitcaseUITests.xctest */,
			);
			name = Products;
			sourceTree = "<group>";
		};
		956A14AD2DFD62F3005E1C57 /* emotional suitcase */ = {
			isa = PBXGroup;
			children = (
				956A14EF2DFDBAA0005E1C57 /* Views */,
				956A14E22DFDB9C3005E1C57 /* Models */,
				956A14AE2DFD62F3005E1C57 /* emotional_suitcaseApp.swift */,
				956A14B02DFD62F3005E1C57 /* ContentView.swift */,
				956A14B22DFD62F6005E1C57 /* Assets.xcassets */,
				956A14B42DFD62F6005E1C57 /* Preview Content */,
			);
			path = "emotional suitcase";
			sourceTree = "<group>";
		};
		956A14B42DFD62F6005E1C57 /* Preview Content */ = {
			isa = PBXGroup;
			children = (
				956A14B52DFD62F6005E1C57 /* Preview Assets.xcassets */,
			);
			path = "Preview Content";
			sourceTree = "<group>";
		};
		956A14BE2DFD62F6005E1C57 /* emotional suitcaseTests */ = {
			isa = PBXGroup;
			children = (
				956A14BF2DFD62F6005E1C57 /* emotional_suitcaseTests.swift */,
			);
			path = "emotional suitcaseTests";
			sourceTree = "<group>";
		};
		956A14C82DFD62F6005E1C57 /* emotional suitcaseUITests */ = {
			isa = PBXGroup;
			children = (
				956A14C92DFD62F6005E1C57 /* emotional_suitcaseUITests.swift */,
				956A14CB2DFD62F6005E1C57 /* emotional_suitcaseUITestsLaunchTests.swift */,
			);
			path = "emotional suitcaseUITests";
			sourceTree = "<group>";
		};
		956A14E22DFDB9C3005E1C57 /* Models */ = {
			isa = PBXGroup;
			children = (
				956A14E32DFDBA28005E1C57 /* MentalHealthResource.swift */,
				956A14E52DFDBA3B005E1C57 /* PsychologicalTest.swift */,
				956A14E92DFDBA5B005E1C57 /* ScaleRecord.swift */,
				956A14EB2DFDBA89005E1C57 /* RelaxationModels.swift */,
				956E26C92E08452400DEC7A6 /* TrackingDataManager.swift */,
				956A14ED2DFDBA95005E1C57 /* ProfileData.swift */,
				956E26BD2E03016A00DEC7A6 /* SafeBoxItem.swift */,
				956E26BF2E03017700DEC7A6 /* EmergencyContact.swift */,
			);
			path = Models;
			sourceTree = "<group>";
		};
		956A14EF2DFDBAA0005E1C57 /* Views */ = {
			isa = PBXGroup;
			children = (
				956A15222DFDC7E9005E1C57 /* Settings */,
				956A15192DFDC111005E1C57 /* Profile */,
				956A15182DFDC101005E1C57 /* Relaxation */,
				956A15172DFDC0F4005E1C57 /* Tracking */,
				956A15152DFDC0CD005E1C57 /* Chat */,
				956A14F02DFDBAC9005E1C57 /* Home */,
				956E26C12E0301AC00DEC7A6 /* Colors.swift */,
			);
			path = Views;
			sourceTree = "<group>";
		};
		956A14F02DFDBAC9005E1C57 /* Home */ = {
			isa = PBXGroup;
			children = (
				956A15252DFDCC99005E1C57 /* DailyCheckIn */,
				956A14F82DFDBC8A005E1C57 /* PsychologicalTests */,
				956A14F12DFDBBF2005E1C57 /* MentalHealthResources */,
				956A14E02DFD661D005E1C57 /* HomeView.swift */,
				956A14DC2DFD6604005E1C57 /* FiveIndicatorsCard.swift */,
				956A14DA2DFD65E8005E1C57 /* BiorhythmCard.swift */,
			);
			path = Home;
			sourceTree = "<group>";
		};
		956A14F12DFDBBF2005E1C57 /* MentalHealthResources */ = {
			isa = PBXGroup;
			children = (
				956A14F22DFDBC18005E1C57 /* MentalHealthResourcesSection.swift */,
				956A14F42DFDBC28005E1C57 /* MentalHealthResourceCard.swift */,
				956A14F62DFDBC76005E1C57 /* ResourceDetailViews.swift */,
			);
			path = MentalHealthResources;
			sourceTree = "<group>";
		};
		956A14F82DFDBC8A005E1C57 /* PsychologicalTests */ = {
			isa = PBXGroup;
			children = (
				956A15102DFDBE1F005E1C57 /* RFQ8 */,
				956A150B2DFDBDF8005E1C57 /* BSRS5 */,
				956A15062DFDBD91005E1C57 /* GAD7 */,
				956A14FD2DFDBCD6005E1C57 /* PHQ9 */,
				956A14F92DFDBCA7005E1C57 /* PsychologicalTestsSection.swift */,
				956A14FB2DFDBCB5005E1C57 /* PsychologicalTestCard.swift */,
			);
			path = PsychologicalTests;
			sourceTree = "<group>";
		};
		956A14FD2DFDBCD6005E1C57 /* PHQ9 */ = {
			isa = PBXGroup;
			children = (
				956A14FE2DFDBCF9005E1C57 /* PHQ9TestView.swift */,
				956A15002DFDBD16005E1C57 /* PHQ9ResultView.swift */,
			);
			path = PHQ9;
			sourceTree = "<group>";
		};
		956A15062DFDBD91005E1C57 /* GAD7 */ = {
			isa = PBXGroup;
			children = (
				956A15072DFDBDE6005E1C57 /* GAD7TestView.swift */,
				956A15092DFDBDF1005E1C57 /* GAD7ResultView.swift */,
			);
			path = GAD7;
			sourceTree = "<group>";
		};
		956A150B2DFDBDF8005E1C57 /* BSRS5 */ = {
			isa = PBXGroup;
			children = (
				956A150C2DFDBE0F005E1C57 /* BSRS5TestView.swift */,
				956A150E2DFDBE1B005E1C57 /* BSRS5ResultView.swift */,
			);
			path = BSRS5;
			sourceTree = "<group>";
		};
		956A15102DFDBE1F005E1C57 /* RFQ8 */ = {
			isa = PBXGroup;
			children = (
				956A15112DFDBE39005E1C57 /* RFQ8TestView.swift */,
				956A15132DFDBE43005E1C57 /* RFQ8ResultView.swift */,
			);
			path = RFQ8;
			sourceTree = "<group>";
		};
		956A15152DFDC0CD005E1C57 /* Chat */ = {
			isa = PBXGroup;
			children = (
				956A15202DFDC148005E1C57 /* ChatListView.swift */,
				956A152D2E003C19005E1C57 /* ChatDetailView.swift */,
				956A152F2E003C29005E1C57 /* ChatModels.swift */,
				956A15312E003C45005E1C57 /* ChatManager.swift */,
				956A15332E003C4D005E1C57 /* Components */,
			);
			path = Chat;
			sourceTree = "<group>";
		};
		956A15172DFDC0F4005E1C57 /* Tracking */ = {
			isa = PBXGroup;
			children = (
				956A151E2DFDC13D005E1C57 /* TrackingView.swift */,
				956E26D22E08520200DEC7A6 /*  TrackingTabView.swift */,
				956E26D42E08521B00DEC7A6 /* TabButton.swift */,
				956E26D62E08522F00DEC7A6 /* SectionCard.swift */,
				956E26D82E08525B00DEC7A6 /* MetricDisplayView.swift */,
				956E26C32E08446800DEC7A6 /* MoodEntry.swift */,
				956E26C52E08447B00DEC7A6 /* HealthMectric.swift */,
				956E26C72E08450D00DEC7A6 /* MoodDiaryView.swift */,
				956E26DA2E08533D00DEC7A6 /* MoodCalendarView.swift */,
				956E26DC2E08536300DEC7A6 /* DailyMoodSelector.swift */,
				956E26DE2E08538100DEC7A6 /* DailyMoodEditor.swift */,
				956E26E82E08561900DEC7A6 /*  HealthRecommenationCard.swift */,
				956E26EA2E08563F00DEC7A6 /* MonthlyMoodAnalysis.swift */,
				956E26EC2E08566100DEC7A6 /* HealthRecommendationView.swift */,
				956E26E02E08539500DEC7A6 /* HealthDataView.swift */,
				956E26E22E0853AA00DEC7A6 /* HealthMetricsGrid.swift */,
				956E26E42E0853BC00DEC7A6 /* WeekNavigator.swift */,
				956E26E62E0853D000DEC7A6 /* ScaleTrackingView.swift */,
				956E26F42E085A6600DEC7A6 /*  ScaleHistoryCard.swift */,
				956E26F62E085A8600DEC7A6 /* ScaleTrendAnalysisView.swift */,
				956E26EE2E0857C300DEC7A6 /* ScaleSelectionCard.swift */,
				956E26F02E0857DB00DEC7A6 /* ScaleHistoryList.swift */,
				956E26F22E0857EF00DEC7A6 /* ScaleDetailView.swift */,
			);
			path = Tracking;
			sourceTree = "<group>";
		};
		956A15182DFDC101005E1C57 /* Relaxation */ = {
			isa = PBXGroup;
			children = (
				956A153E2E004A65005E1C57 /* Components */,
				956A151C2DFDC133005E1C57 /* RelaxationView.swift */,
				956A153A2E004A4A005E1C57 /* MeditationView.swift */,
				956A153C2E004A5B005E1C57 /* BreathingView.swift */,
				956A15472E004C2F005E1C57 /* HRVManager.swift */,
				956A15492E010DA4005E1C57 /* TimeBreathManager.swift */,
			);
			path = Relaxation;
			sourceTree = "<group>";
		};
		956A15192DFDC111005E1C57 /* Profile */ = {
			isa = PBXGroup;
			children = (
				956A151A2DFDC122005E1C57 /* ProfileView.swift */,
				956E26A12E02FFA400DEC7A6 /* PersonalInfoCard.swift */,
				956E26A32E02FFDB00DEC7A6 /* StatusTag.swift */,
				956E26A52E02FFED00DEC7A6 /* EmotionalToolboxSection.swift */,
				956E26A72E02FFFA00DEC7A6 /* ToolboxCard.swift */,
				956E26A92E03000C00DEC7A6 /* DailyReminderCard.swift */,
				956E26AB2E03001E00DEC7A6 /* EmergencyContactSection.swift */,
				956E26AD2E03003000DEC7A6 /* EmergencyContactCard.swift */,
				956E26AF2E0300C300DEC7A6 /* SafeBoxView.swift */,
				956E26B12E0300D200DEC7A6 /* SafeBoxTabView.swift */,
				956E26B32E0300E000DEC7A6 /* PhotoGridView.swift */,
				956E26B52E0300F200DEC7A6 /* VideoGridView.swift */,
				956E26B72E03010200DEC7A6 /* AudioListView.swift */,
				956E26B92E03011F00DEC7A6 /* SafetyPlanView.swift */,
				956E26BB2E03012800DEC7A6 /* SupportPlanView.swift */,
			);
			path = Profile;
			sourceTree = "<group>";
		};
		956A15222DFDC7E9005E1C57 /* Settings */ = {
			isa = PBXGroup;
			children = (
				956A15232DFDC7F7005E1C57 /* BiorhythmSettingsView.swift */,
			);
			path = Settings;
			sourceTree = "<group>";
		};
		956A15252DFDCC99005E1C57 /* DailyCheckIn */ = {
			isa = PBXGroup;
			children = (
				956A15262DFDCCCD005E1C57 /* DailyCheckInView.swift */,
				956A15282DFDCCDF005E1C57 /* DailyCheckInResultView.swift */,
				956A152A2DFDCCF1005E1C57 /* DailyCheckInManager.swift */,
			);
			path = DailyCheckIn;
			sourceTree = "<group>";
		};
		956A15332E003C4D005E1C57 /* Components */ = {
			isa = PBXGroup;
			children = (
				956A15342E003C60005E1C57 /* ChatBubbleView.swift */,
				956A15362E003C7A005E1C57 /* TherapyModeSelector.swift */,
				956A15382E003C85005E1C57 /* ChatInputView.swift */,
			);
			path = Components;
			sourceTree = "<group>";
		};
		956A153E2E004A65005E1C57 /* Components */ = {
			isa = PBXGroup;
			children = (
				956A153F2E004A85005E1C57 /* TimeControlView.swift */,
				956A15412E004A92005E1C57 /* BreathingGuideView.swift */,
				956A15432E004AA3005E1C57 /* HRVChartView.swift */,
				956A15452E004AB6005E1C57 /* RelaxationTipsView.swift */,
			);
			path = Components;
			sourceTree = "<group>";
		};
/* End PBXGroup section */

/* Begin PBXNativeTarget section */
		956A14AA2DFD62F3005E1C57 /* emotional suitcase */ = {
			isa = PBXNativeTarget;
			buildConfigurationList = 956A14CF2DFD62F6005E1C57 /* Build configuration list for PBXNativeTarget "emotional suitcase" */;
			buildPhases = (
				956A14A72DFD62F3005E1C57 /* Sources */,
				956A14A82DFD62F3005E1C57 /* Frameworks */,
				956A14A92DFD62F3005E1C57 /* Resources */,
			);
			buildRules = (
			);
			dependencies = (
			);
			name = "emotional suitcase";
			productName = "emotional suitcase";
			productReference = 956A14AB2DFD62F3005E1C57 /* emotional suitcase.app */;
			productType = "com.apple.product-type.application";
		};
		956A14BA2DFD62F6005E1C57 /* emotional suitcaseTests */ = {
			isa = PBXNativeTarget;
			buildConfigurationList = 956A14D22DFD62F6005E1C57 /* Build configuration list for PBXNativeTarget "emotional suitcaseTests" */;
			buildPhases = (
				956A14B72DFD62F6005E1C57 /* Sources */,
				956A14B82DFD62F6005E1C57 /* Frameworks */,
				956A14B92DFD62F6005E1C57 /* Resources */,
			);
			buildRules = (
			);
			dependencies = (
				956A14BD2DFD62F6005E1C57 /* PBXTargetDependency */,
			);
			name = "emotional suitcaseTests";
			productName = "emotional suitcaseTests";
			productReference = 956A14BB2DFD62F6005E1C57 /* emotional suitcaseTests.xctest */;
			productType = "com.apple.product-type.bundle.unit-test";
		};
		956A14C42DFD62F6005E1C57 /* emotional suitcaseUITests */ = {
			isa = PBXNativeTarget;
			buildConfigurationList = 956A14D52DFD62F6005E1C57 /* Build configuration list for PBXNativeTarget "emotional suitcaseUITests" */;
			buildPhases = (
				956A14C12DFD62F6005E1C57 /* Sources */,
				956A14C22DFD62F6005E1C57 /* Frameworks */,
				956A14C32DFD62F6005E1C57 /* Resources */,
			);
			buildRules = (
			);
			dependencies = (
				956A14C72DFD62F6005E1C57 /* PBXTargetDependency */,
			);
			name = "emotional suitcaseUITests";
			productName = "emotional suitcaseUITests";
			productReference = 956A14C52DFD62F6005E1C57 /* emotional suitcaseUITests.xctest */;
			productType = "com.apple.product-type.bundle.ui-testing";
		};
/* End PBXNativeTarget section */

/* Begin PBXProject section */
		956A14A32DFD62F3005E1C57 /* Project object */ = {
			isa = PBXProject;
			attributes = {
				BuildIndependentTargetsInParallel = 1;
				LastSwiftUpdateCheck = 1520;
				LastUpgradeCheck = 1520;
				TargetAttributes = {
					956A14AA2DFD62F3005E1C57 = {
						CreatedOnToolsVersion = 15.2;
					};
					956A14BA2DFD62F6005E1C57 = {
						CreatedOnToolsVersion = 15.2;
						TestTargetID = 956A14AA2DFD62F3005E1C57;
					};
					956A14C42DFD62F6005E1C57 = {
						CreatedOnToolsVersion = 15.2;
						TestTargetID = 956A14AA2DFD62F3005E1C57;
					};
				};
			};
			buildConfigurationList = 956A14A62DFD62F3005E1C57 /* Build configuration list for PBXProject "emotional suitcase" */;
			compatibilityVersion = "Xcode 14.0";
			developmentRegion = en;
			hasScannedForEncodings = 0;
			knownRegions = (
				en,
				Base,
			);
			mainGroup = 956A14A22DFD62F3005E1C57;
			productRefGroup = 956A14AC2DFD62F3005E1C57 /* Products */;
			projectDirPath = "";
			projectRoot = "";
			targets = (
				956A14AA2DFD62F3005E1C57 /* emotional suitcase */,
				956A14BA2DFD62F6005E1C57 /* emotional suitcaseTests */,
				956A14C42DFD62F6005E1C57 /* emotional suitcaseUITests */,
			);
		};
/* End PBXProject section */

/* Begin PBXResourcesBuildPhase section */
		956A14A92DFD62F3005E1C57 /* Resources */ = {
			isa = PBXResourcesBuildPhase;
			buildActionMask = 2147483647;
			files = (
				956A14B62DFD62F6005E1C57 /* Preview Assets.xcassets in Resources */,
				956A14B32DFD62F6005E1C57 /* Assets.xcassets in Resources */,
			);
			runOnlyForDeploymentPostprocessing = 0;
		};
		956A14B92DFD62F6005E1C57 /* Resources */ = {
			isa = PBXResourcesBuildPhase;
			buildActionMask = 2147483647;
			files = (
			);
			runOnlyForDeploymentPostprocessing = 0;
		};
		956A14C32DFD62F6005E1C57 /* Resources */ = {
			isa = PBXResourcesBuildPhase;
			buildActionMask = 2147483647;
			files = (
			);
			runOnlyForDeploymentPostprocessing = 0;
		};
/* End PBXResourcesBuildPhase section */

/* Begin PBXSourcesBuildPhase section */
		956A14A72DFD62F3005E1C57 /* Sources */ = {
			isa = PBXSourcesBuildPhase;
			buildActionMask = 2147483647;
			files = (
				956A15012DFDBD17005E1C57 /* PHQ9ResultView.swift in Sources */,
				956E26B22E0300D200DEC7A6 /* SafeBoxTabView.swift in Sources */,
				956A15462E004AB6005E1C57 /* RelaxationTipsView.swift in Sources */,
				956E26F72E085A8600DEC7A6 /* ScaleTrendAnalysisView.swift in Sources */,
				956E26E52E0853BC00DEC7A6 /* WeekNavigator.swift in Sources */,
				956E26BA2E03011F00DEC7A6 /* SafetyPlanView.swift in Sources */,
				956E26B82E03010200DEC7A6 /* AudioListView.swift in Sources */,
				956E26C22E0301AC00DEC7A6 /* Colors.swift in Sources */,
				956E26AC2E03001E00DEC7A6 /* EmergencyContactSection.swift in Sources */,
				956A15372E003C7A005E1C57 /* TherapyModeSelector.swift in Sources */,
				956E26A42E02FFDB00DEC7A6 /* StatusTag.swift in Sources */,
				956A15422E004A92005E1C57 /* BreathingGuideView.swift in Sources */,
				956E26D72E08522F00DEC7A6 /* SectionCard.swift in Sources */,
				956A15402E004A85005E1C57 /* TimeControlView.swift in Sources */,
				956E26C02E03017700DEC7A6 /* EmergencyContact.swift in Sources */,
				956A15212DFDC148005E1C57 /* ChatListView.swift in Sources */,
				956E26ED2E08566100DEC7A6 /* HealthRecommendationView.swift in Sources */,
				956E26D52E08521B00DEC7A6 /* TabButton.swift in Sources */,
				956A15122DFDBE39005E1C57 /* RFQ8TestView.swift in Sources */,
				956A14DB2DFD65E8005E1C57 /* BiorhythmCard.swift in Sources */,
				956E26A82E02FFFA00DEC7A6 /* ToolboxCard.swift in Sources */,
				956A14B12DFD62F3005E1C57 /* ContentView.swift in Sources */,
				956E26C62E08447B00DEC7A6 /* HealthMectric.swift in Sources */,
				956A14FA2DFDBCA7005E1C57 /* PsychologicalTestsSection.swift in Sources */,
				956A14F52DFDBC28005E1C57 /* MentalHealthResourceCard.swift in Sources */,
				956E26E12E08539500DEC7A6 /* HealthDataView.swift in Sources */,
				956A151F2DFDC13D005E1C57 /* TrackingView.swift in Sources */,
				956A150D2DFDBE0F005E1C57 /* BSRS5TestView.swift in Sources */,
				956E26DF2E08538100DEC7A6 /* DailyMoodEditor.swift in Sources */,
				956A14FC2DFDBCB5005E1C57 /* PsychologicalTestCard.swift in Sources */,
				956A14F72DFDBC76005E1C57 /* ResourceDetailViews.swift in Sources */,
				956E26AE2E03003000DEC7A6 /* EmergencyContactCard.swift in Sources */,
				956E26A22E02FFA400DEC7A6 /* PersonalInfoCard.swift in Sources */,
				956E26DB2E08533D00DEC7A6 /* MoodCalendarView.swift in Sources */,
				956A14E62DFDBA3B005E1C57 /* PsychologicalTest.swift in Sources */,
				956E26F52E085A6600DEC7A6 /*  ScaleHistoryCard.swift in Sources */,
				956A15302E003C29005E1C57 /* ChatModels.swift in Sources */,
				956A14EA2DFDBA5B005E1C57 /* ScaleRecord.swift in Sources */,
				956A15142DFDBE43005E1C57 /* RFQ8ResultView.swift in Sources */,
				956A15392E003C85005E1C57 /* ChatInputView.swift in Sources */,
				956A151D2DFDC133005E1C57 /* RelaxationView.swift in Sources */,
				956E26F12E0857DB00DEC7A6 /* ScaleHistoryList.swift in Sources */,
				956A153B2E004A4A005E1C57 /* MeditationView.swift in Sources */,
				956A15482E004C2F005E1C57 /* HRVManager.swift in Sources */,
				956E26BE2E03016A00DEC7A6 /* SafeBoxItem.swift in Sources */,
				956E26C82E08450D00DEC7A6 /* MoodDiaryView.swift in Sources */,
				956A151B2DFDC122005E1C57 /* ProfileView.swift in Sources */,
				956A153D2E004A5B005E1C57 /* BreathingView.swift in Sources */,
				956E26E92E08561900DEC7A6 /*  HealthRecommenationCard.swift in Sources */,
				956A15352E003C60005E1C57 /* ChatBubbleView.swift in Sources */,
				956E26EB2E08563F00DEC7A6 /* MonthlyMoodAnalysis.swift in Sources */,
				956E26E32E0853AA00DEC7A6 /* HealthMetricsGrid.swift in Sources */,
				956A15082DFDBDE6005E1C57 /* GAD7TestView.swift in Sources */,
				956E26F32E0857EF00DEC7A6 /* ScaleDetailView.swift in Sources */,
				956E26D32E08520200DEC7A6 /*  TrackingTabView.swift in Sources */,
				956A152E2E003C19005E1C57 /* ChatDetailView.swift in Sources */,
				956E26BC2E03012800DEC7A6 /* SupportPlanView.swift in Sources */,
				956A150F2DFDBE1B005E1C57 /* BSRS5ResultView.swift in Sources */,
				956E26B02E0300C300DEC7A6 /* SafeBoxView.swift in Sources */,
				956A14E42DFDBA28005E1C57 /* MentalHealthResource.swift in Sources */,
				956A15292DFDCCDF005E1C57 /* DailyCheckInResultView.swift in Sources */,
				956A14EC2DFDBA89005E1C57 /* RelaxationModels.swift in Sources */,
				956A15442E004AA3005E1C57 /* HRVChartView.swift in Sources */,
				956A14DD2DFD6604005E1C57 /* FiveIndicatorsCard.swift in Sources */,
				956E26B42E0300E000DEC7A6 /* PhotoGridView.swift in Sources */,
				956A15322E003C45005E1C57 /* ChatManager.swift in Sources */,
				956A152B2DFDCCF1005E1C57 /* DailyCheckInManager.swift in Sources */,
				956A15272DFDCCCD005E1C57 /* DailyCheckInView.swift in Sources */,
				956A150A2DFDBDF1005E1C57 /* GAD7ResultView.swift in Sources */,
				956E26EF2E0857C300DEC7A6 /* ScaleSelectionCard.swift in Sources */,
				956E26C42E08446800DEC7A6 /* MoodEntry.swift in Sources */,
				956A14E12DFD661D005E1C57 /* HomeView.swift in Sources */,
				956A15242DFDC7F7005E1C57 /* BiorhythmSettingsView.swift in Sources */,
				956A14AF2DFD62F3005E1C57 /* emotional_suitcaseApp.swift in Sources */,
				956A14F32DFDBC18005E1C57 /* MentalHealthResourcesSection.swift in Sources */,
				956E26A62E02FFED00DEC7A6 /* EmotionalToolboxSection.swift in Sources */,
				956E26E72E0853D000DEC7A6 /* ScaleTrackingView.swift in Sources */,
				956A154A2E010DA4005E1C57 /* TimeBreathManager.swift in Sources */,
				956E26DD2E08536300DEC7A6 /* DailyMoodSelector.swift in Sources */,
				956E26CA2E08452400DEC7A6 /* TrackingDataManager.swift in Sources */,
				956A14FF2DFDBCF9005E1C57 /* PHQ9TestView.swift in Sources */,
				956A14EE2DFDBA95005E1C57 /* ProfileData.swift in Sources */,
				956E26B62E0300F200DEC7A6 /* VideoGridView.swift in Sources */,
				956E26AA2E03000C00DEC7A6 /* DailyReminderCard.swift in Sources */,
				956E26D92E08525B00DEC7A6 /* MetricDisplayView.swift in Sources */,
			);
			runOnlyForDeploymentPostprocessing = 0;
		};
		956A14B72DFD62F6005E1C57 /* Sources */ = {
			isa = PBXSourcesBuildPhase;
			buildActionMask = 2147483647;
			files = (
				956A14C02DFD62F6005E1C57 /* emotional_suitcaseTests.swift in Sources */,
			);
			runOnlyForDeploymentPostprocessing = 0;
		};
		956A14C12DFD62F6005E1C57 /* Sources */ = {
			isa = PBXSourcesBuildPhase;
			buildActionMask = 2147483647;
			files = (
				956A14CC2DFD62F6005E1C57 /* emotional_suitcaseUITestsLaunchTests.swift in Sources */,
				956A14CA2DFD62F6005E1C57 /* emotional_suitcaseUITests.swift in Sources */,
			);
			runOnlyForDeploymentPostprocessing = 0;
		};
/* End PBXSourcesBuildPhase section */

/* Begin PBXTargetDependency section */
		956A14BD2DFD62F6005E1C57 /* PBXTargetDependency */ = {
			isa = PBXTargetDependency;
			target = 956A14AA2DFD62F3005E1C57 /* emotional suitcase */;
			targetProxy = 956A14BC2DFD62F6005E1C57 /* PBXContainerItemProxy */;
		};
		956A14C72DFD62F6005E1C57 /* PBXTargetDependency */ = {
			isa = PBXTargetDependency;
			target = 956A14AA2DFD62F3005E1C57 /* emotional suitcase */;
			targetProxy = 956A14C62DFD62F6005E1C57 /* PBXContainerItemProxy */;
		};
/* End PBXTargetDependency section */

/* Begin XCBuildConfiguration section */
		956A14CD2DFD62F6005E1C57 /* Debug */ = {
			isa = XCBuildConfiguration;
			buildSettings = {
				ALWAYS_SEARCH_USER_PATHS = NO;
				ASSETCATALOG_COMPILER_GENERATE_SWIFT_ASSET_SYMBOL_EXTENSIONS = YES;
				CLANG_ANALYZER_NONNULL = YES;
				CLANG_ANALYZER_NUMBER_OBJECT_CONVERSION = YES_AGGRESSIVE;
				CLANG_CXX_LANGUAGE_STANDARD = "gnu++20";
				CLANG_ENABLE_MODULES = YES;
				CLANG_ENABLE_OBJC_ARC = YES;
				CLANG_ENABLE_OBJC_WEAK = YES;
				CLANG_WARN_BLOCK_CAPTURE_AUTORELEASING = YES;
				CLANG_WARN_BOOL_CONVERSION = YES;
				CLANG_WARN_COMMA = YES;
				CLANG_WARN_CONSTANT_CONVERSION = YES;
				CLANG_WARN_DEPRECATED_OBJC_IMPLEMENTATIONS = YES;
				CLANG_WARN_DIRECT_OBJC_ISA_USAGE = YES_ERROR;
				CLANG_WARN_DOCUMENTATION_COMMENTS = YES;
				CLANG_WARN_EMPTY_BODY = YES;
				CLANG_WARN_ENUM_CONVERSION = YES;
				CLANG_WARN_INFINITE_RECURSION = YES;
				CLANG_WARN_INT_CONVERSION = YES;
				CLANG_WARN_NON_LITERAL_NULL_CONVERSION = YES;
				CLANG_WARN_OBJC_IMPLICIT_RETAIN_SELF = YES;
				CLANG_WARN_OBJC_LITERAL_CONVERSION = YES;
				CLANG_WARN_OBJC_ROOT_CLASS = YES_ERROR;
				CLANG_WARN_QUOTED_INCLUDE_IN_FRAMEWORK_HEADER = YES;
				CLANG_WARN_RANGE_LOOP_ANALYSIS = YES;
				CLANG_WARN_STRICT_PROTOTYPES = YES;
				CLANG_WARN_SUSPICIOUS_MOVE = YES;
				CLANG_WARN_UNGUARDED_AVAILABILITY = YES_AGGRESSIVE;
				CLANG_WARN_UNREACHABLE_CODE = YES;
				CLANG_WARN__DUPLICATE_METHOD_MATCH = YES;
				COPY_PHASE_STRIP = NO;
				DEBUG_INFORMATION_FORMAT = dwarf;
				ENABLE_STRICT_OBJC_MSGSEND = YES;
				ENABLE_TESTABILITY = YES;
				ENABLE_USER_SCRIPT_SANDBOXING = YES;
				GCC_C_LANGUAGE_STANDARD = gnu17;
				GCC_DYNAMIC_NO_PIC = NO;
				GCC_NO_COMMON_BLOCKS = YES;
				GCC_OPTIMIZATION_LEVEL = 0;
				GCC_PREPROCESSOR_DEFINITIONS = (
					"DEBUG=1",
					"$(inherited)",
				);
				GCC_WARN_64_TO_32_BIT_CONVERSION = YES;
				GCC_WARN_ABOUT_RETURN_TYPE = YES_ERROR;
				GCC_WARN_UNDECLARED_SELECTOR = YES;
				GCC_WARN_UNINITIALIZED_AUTOS = YES_AGGRESSIVE;
				GCC_WARN_UNUSED_FUNCTION = YES;
				GCC_WARN_UNUSED_VARIABLE = YES;
				IPHONEOS_DEPLOYMENT_TARGET = 17.2;
				LOCALIZATION_PREFERS_STRING_CATALOGS = YES;
				MTL_ENABLE_DEBUG_INFO = INCLUDE_SOURCE;
				MTL_FAST_MATH = YES;
				ONLY_ACTIVE_ARCH = YES;
				SDKROOT = iphoneos;
				SWIFT_ACTIVE_COMPILATION_CONDITIONS = "DEBUG $(inherited)";
				SWIFT_OPTIMIZATION_LEVEL = "-Onone";
			};
			name = Debug;
		};
		956A14CE2DFD62F6005E1C57 /* Release */ = {
			isa = XCBuildConfiguration;
			buildSettings = {
				ALWAYS_SEARCH_USER_PATHS = NO;
				ASSETCATALOG_COMPILER_GENERATE_SWIFT_ASSET_SYMBOL_EXTENSIONS = YES;
				CLANG_ANALYZER_NONNULL = YES;
				CLANG_ANALYZER_NUMBER_OBJECT_CONVERSION = YES_AGGRESSIVE;
				CLANG_CXX_LANGUAGE_STANDARD = "gnu++20";
				CLANG_ENABLE_MODULES = YES;
				CLANG_ENABLE_OBJC_ARC = YES;
				CLANG_ENABLE_OBJC_WEAK = YES;
				CLANG_WARN_BLOCK_CAPTURE_AUTORELEASING = YES;
				CLANG_WARN_BOOL_CONVERSION = YES;
				CLANG_WARN_COMMA = YES;
				CLANG_WARN_CONSTANT_CONVERSION = YES;
				CLANG_WARN_DEPRECATED_OBJC_IMPLEMENTATIONS = YES;
				CLANG_WARN_DIRECT_OBJC_ISA_USAGE = YES_ERROR;
				CLANG_WARN_DOCUMENTATION_COMMENTS = YES;
				CLANG_WARN_EMPTY_BODY = YES;
				CLANG_WARN_ENUM_CONVERSION = YES;
				CLANG_WARN_INFINITE_RECURSION = YES;
				CLANG_WARN_INT_CONVERSION = YES;
				CLANG_WARN_NON_LITERAL_NULL_CONVERSION = YES;
				CLANG_WARN_OBJC_IMPLICIT_RETAIN_SELF = YES;
				CLANG_WARN_OBJC_LITERAL_CONVERSION = YES;
				CLANG_WARN_OBJC_ROOT_CLASS = YES_ERROR;
				CLANG_WARN_QUOTED_INCLUDE_IN_FRAMEWORK_HEADER = YES;
				CLANG_WARN_RANGE_LOOP_ANALYSIS = YES;
				CLANG_WARN_STRICT_PROTOTYPES = YES;
				CLANG_WARN_SUSPICIOUS_MOVE = YES;
				CLANG_WARN_UNGUARDED_AVAILABILITY = YES_AGGRESSIVE;
				CLANG_WARN_UNREACHABLE_CODE = YES;
				CLANG_WARN__DUPLICATE_METHOD_MATCH = YES;
				COPY_PHASE_STRIP = NO;
				DEBUG_INFORMATION_FORMAT = "dwarf-with-dsym";
				ENABLE_NS_ASSERTIONS = NO;
				ENABLE_STRICT_OBJC_MSGSEND = YES;
				ENABLE_USER_SCRIPT_SANDBOXING = YES;
				GCC_C_LANGUAGE_STANDARD = gnu17;
				GCC_NO_COMMON_BLOCKS = YES;
				GCC_WARN_64_TO_32_BIT_CONVERSION = YES;
				GCC_WARN_ABOUT_RETURN_TYPE = YES_ERROR;
				GCC_WARN_UNDECLARED_SELECTOR = YES;
				GCC_WARN_UNINITIALIZED_AUTOS = YES_AGGRESSIVE;
				GCC_WARN_UNUSED_FUNCTION = YES;
				GCC_WARN_UNUSED_VARIABLE = YES;
				IPHONEOS_DEPLOYMENT_TARGET = 17.2;
				LOCALIZATION_PREFERS_STRING_CATALOGS = YES;
				MTL_ENABLE_DEBUG_INFO = NO;
				MTL_FAST_MATH = YES;
				SDKROOT = iphoneos;
				SWIFT_COMPILATION_MODE = wholemodule;
				VALIDATE_PRODUCT = YES;
			};
			name = Release;
		};
		956A14D02DFD62F6005E1C57 /* Debug */ = {
			isa = XCBuildConfiguration;
			buildSettings = {
				ASSETCATALOG_COMPILER_APPICON_NAME = AppIcon;
				ASSETCATALOG_COMPILER_GLOBAL_ACCENT_COLOR_NAME = AccentColor;
				CODE_SIGN_STYLE = Automatic;
				CURRENT_PROJECT_VERSION = 1;
				DEVELOPMENT_ASSET_PATHS = "\"emotional suitcase/Preview Content\"";
				ENABLE_PREVIEWS = YES;
				GENERATE_INFOPLIST_FILE = YES;
				INFOPLIST_KEY_UIApplicationSceneManifest_Generation = YES;
				INFOPLIST_KEY_UIApplicationSupportsIndirectInputEvents = YES;
				INFOPLIST_KEY_UILaunchScreen_Generation = YES;
				INFOPLIST_KEY_UISupportedInterfaceOrientations_iPad = "UIInterfaceOrientationPortrait UIInterfaceOrientationPortraitUpsideDown UIInterfaceOrientationLandscapeLeft UIInterfaceOrientationLandscapeRight";
				INFOPLIST_KEY_UISupportedInterfaceOrientations_iPhone = "UIInterfaceOrientationPortrait UIInterfaceOrientationLandscapeLeft UIInterfaceOrientationLandscapeRight";
				LD_RUNPATH_SEARCH_PATHS = (
					"$(inherited)",
					"@executable_path/Frameworks",
				);
				MARKETING_VERSION = 1.0;
				PRODUCT_BUNDLE_IDENTIFIER = "no.emotional-suitcase";
				PRODUCT_NAME = "$(TARGET_NAME)";
				SWIFT_EMIT_LOC_STRINGS = YES;
				SWIFT_VERSION = 5.0;
				TARGETED_DEVICE_FAMILY = "1,2";
			};
			name = Debug;
		};
		956A14D12DFD62F6005E1C57 /* Release */ = {
			isa = XCBuildConfiguration;
			buildSettings = {
				ASSETCATALOG_COMPILER_APPICON_NAME = AppIcon;
				ASSETCATALOG_COMPILER_GLOBAL_ACCENT_COLOR_NAME = AccentColor;
				CODE_SIGN_STYLE = Automatic;
				CURRENT_PROJECT_VERSION = 1;
				DEVELOPMENT_ASSET_PATHS = "\"emotional suitcase/Preview Content\"";
				ENABLE_PREVIEWS = YES;
				GENERATE_INFOPLIST_FILE = YES;
				INFOPLIST_KEY_UIApplicationSceneManifest_Generation = YES;
				INFOPLIST_KEY_UIApplicationSupportsIndirectInputEvents = YES;
				INFOPLIST_KEY_UILaunchScreen_Generation = YES;
				INFOPLIST_KEY_UISupportedInterfaceOrientations_iPad = "UIInterfaceOrientationPortrait UIInterfaceOrientationPortraitUpsideDown UIInterfaceOrientationLandscapeLeft UIInterfaceOrientationLandscapeRight";
				INFOPLIST_KEY_UISupportedInterfaceOrientations_iPhone = "UIInterfaceOrientationPortrait UIInterfaceOrientationLandscapeLeft UIInterfaceOrientationLandscapeRight";
				LD_RUNPATH_SEARCH_PATHS = (
					"$(inherited)",
					"@executable_path/Frameworks",
				);
				MARKETING_VERSION = 1.0;
				PRODUCT_BUNDLE_IDENTIFIER = "no.emotional-suitcase";
				PRODUCT_NAME = "$(TARGET_NAME)";
				SWIFT_EMIT_LOC_STRINGS = YES;
				SWIFT_VERSION = 5.0;
				TARGETED_DEVICE_FAMILY = "1,2";
			};
			name = Release;
		};
		956A14D32DFD62F6005E1C57 /* Debug */ = {
			isa = XCBuildConfiguration;
			buildSettings = {
				ALWAYS_EMBED_SWIFT_STANDARD_LIBRARIES = YES;
				BUNDLE_LOADER = "$(TEST_HOST)";
				CODE_SIGN_STYLE = Automatic;
				CURRENT_PROJECT_VERSION = 1;
				GENERATE_INFOPLIST_FILE = YES;
				IPHONEOS_DEPLOYMENT_TARGET = 17.2;
				MARKETING_VERSION = 1.0;
				PRODUCT_BUNDLE_IDENTIFIER = "no.emotional-suitcaseTests";
				PRODUCT_NAME = "$(TARGET_NAME)";
				SWIFT_EMIT_LOC_STRINGS = NO;
				SWIFT_VERSION = 5.0;
				TARGETED_DEVICE_FAMILY = "1,2";
				TEST_HOST = "$(BUILT_PRODUCTS_DIR)/emotional suitcase.app/$(BUNDLE_EXECUTABLE_FOLDER_PATH)/emotional suitcase";
			};
			name = Debug;
		};
		956A14D42DFD62F6005E1C57 /* Release */ = {
			isa = XCBuildConfiguration;
			buildSettings = {
				ALWAYS_EMBED_SWIFT_STANDARD_LIBRARIES = YES;
				BUNDLE_LOADER = "$(TEST_HOST)";
				CODE_SIGN_STYLE = Automatic;
				CURRENT_PROJECT_VERSION = 1;
				GENERATE_INFOPLIST_FILE = YES;
				IPHONEOS_DEPLOYMENT_TARGET = 17.2;
				MARKETING_VERSION = 1.0;
				PRODUCT_BUNDLE_IDENTIFIER = "no.emotional-suitcaseTests";
				PRODUCT_NAME = "$(TARGET_NAME)";
				SWIFT_EMIT_LOC_STRINGS = NO;
				SWIFT_VERSION = 5.0;
				TARGETED_DEVICE_FAMILY = "1,2";
				TEST_HOST = "$(BUILT_PRODUCTS_DIR)/emotional suitcase.app/$(BUNDLE_EXECUTABLE_FOLDER_PATH)/emotional suitcase";
			};
			name = Release;
		};
		956A14D62DFD62F6005E1C57 /* Debug */ = {
			isa = XCBuildConfiguration;
			buildSettings = {
				ALWAYS_EMBED_SWIFT_STANDARD_LIBRARIES = YES;
				CODE_SIGN_STYLE = Automatic;
				CURRENT_PROJECT_VERSION = 1;
				GENERATE_INFOPLIST_FILE = YES;
				MARKETING_VERSION = 1.0;
				PRODUCT_BUNDLE_IDENTIFIER = "no.emotional-suitcaseUITests";
				PRODUCT_NAME = "$(TARGET_NAME)";
				SWIFT_EMIT_LOC_STRINGS = NO;
				SWIFT_VERSION = 5.0;
				TARGETED_DEVICE_FAMILY = "1,2";
				TEST_TARGET_NAME = "emotional suitcase";
			};
			name = Debug;
		};
		956A14D72DFD62F6005E1C57 /* Release */ = {
			isa = XCBuildConfiguration;
			buildSettings = {
				ALWAYS_EMBED_SWIFT_STANDARD_LIBRARIES = YES;
				CODE_SIGN_STYLE = Automatic;
				CURRENT_PROJECT_VERSION = 1;
				GENERATE_INFOPLIST_FILE = YES;
				MARKETING_VERSION = 1.0;
				PRODUCT_BUNDLE_IDENTIFIER = "no.emotional-suitcaseUITests";
				PRODUCT_NAME = "$(TARGET_NAME)";
				SWIFT_EMIT_LOC_STRINGS = NO;
				SWIFT_VERSION = 5.0;
				TARGETED_DEVICE_FAMILY = "1,2";
				TEST_TARGET_NAME = "emotional suitcase";
			};
			name = Release;
		};
/* End XCBuildConfiguration section */

/* Begin XCConfigurationList section */
		956A14A62DFD62F3005E1C57 /* Build configuration list for PBXProject "emotional suitcase" */ = {
			isa = XCConfigurationList;
			buildConfigurations = (
				956A14CD2DFD62F6005E1C57 /* Debug */,
				956A14CE2DFD62F6005E1C57 /* Release */,
			);
			defaultConfigurationIsVisible = 0;
			defaultConfigurationName = Release;
		};
		956A14CF2DFD62F6005E1C57 /* Build configuration list for PBXNativeTarget "emotional suitcase" */ = {
			isa = XCConfigurationList;
			buildConfigurations = (
				956A14D02DFD62F6005E1C57 /* Debug */,
				956A14D12DFD62F6005E1C57 /* Release */,
			);
			defaultConfigurationIsVisible = 0;
			defaultConfigurationName = Release;
		};
		956A14D22DFD62F6005E1C57 /* Build configuration list for PBXNativeTarget "emotional suitcaseTests" */ = {
			isa = XCConfigurationList;
			buildConfigurations = (
				956A14D32DFD62F6005E1C57 /* Debug */,
				956A14D42DFD62F6005E1C57 /* Release */,
			);
			defaultConfigurationIsVisible = 0;
			defaultConfigurationName = Release;
		};
		956A14D52DFD62F6005E1C57 /* Build configuration list for PBXNativeTarget "emotional suitcaseUITests" */ = {
			isa = XCConfigurationList;
			buildConfigurations = (
				956A14D62DFD62F6005E1C57 /* Debug */,
				956A14D72DFD62F6005E1C57 /* Release */,
			);
			defaultConfigurationIsVisible = 0;
			defaultConfigurationName = Release;
		};
/* End XCConfigurationList section */
	};
	rootObject = 956A14A32DFD62F3005E1C57 /* Project object */;
}
